
Microsoft Visual Studio Solution File, Format Version 12.00
# Visual Studio Version 17
VisualStudioVersion = 17.3.32929.385
MinimumVisualStudioVersion = 10.0.40219.1
Project("{FAE04EC0-301F-11D3-BF4B-00C04F79EFBC}") = "BordspelWebApp", "BordspelWebApp\BordspelWebApp.csproj", "{26F6994B-39ED-44BB-9588-E2EF6B9F5360}"
EndProject
Global
	GlobalSection(SolutionConfigurationPlatforms) = preSolution
		Debug|Any CPU = Debug|Any CPU
		Release|Any CPU = Release|Any CPU
	EndGlobalSection
	GlobalSection(ProjectConfigurationPlatforms) = postSolution
		{26F6994B-39ED-44BB-9588-E2EF6B9F5360}.Debug|Any CPU.ActiveCfg = Debug|Any CPU
		{26F6994B-39ED-44BB-9588-E2EF6B9F5360}.Debug|Any CPU.Build.0 = Debug|Any CPU
		{26F6994B-39ED-44BB-9588-E2EF6B9F5360}.Release|Any CPU.ActiveCfg = Release|Any CPU
		{26F6994B-39ED-44BB-9588-E2EF6B9F5360}.Release|Any CPU.Build.0 = Release|Any CPU
	EndGlobalSection
	GlobalSection(SolutionProperties) = preSolution
		HideSolutionNode = FALSE
	EndGlobalSection
	GlobalSection(ExtensibilityGlobals) = postSolution
		SolutionGuid = {D047EFD5-4330-4B50-835F-9B8A3BA2912A}
	EndGlobalSection
EndGlobal
